// !$*UTF8*$!
{
	archiveVersion = 1;
	classes = {
	};
	objectVersion = 46;
	objects = {

/* Begin PBXBuildFile section */
		BB7E33671CB68F43008F6130 /* AppDelegate.swift in Sources */ = {isa = PBXBuildFile; fileRef = BB7E33661CB68F43008F6130 /* AppDelegate.swift */; };
		BB7E33691CB68F43008F6130 /* RootViewController.swift in Sources */ = {isa = PBXBuildFile; fileRef = BB7E33681CB68F43008F6130 /* RootViewController.swift */; };
		BB7E336B1CB68F43008F6130 /* DataViewController.swift in Sources */ = {isa = PBXBuildFile; fileRef = BB7E336A1CB68F43008F6130 /* DataViewController.swift */; };
		BB7E336D1CB68F43008F6130 /* ModelController.swift in Sources */ = {isa = PBXBuildFile; fileRef = BB7E336C1CB68F43008F6130 /* ModelController.swift */; };
		BB7E33701CB68F43008F6130 /* Main.storyboard in Resources */ = {isa = PBXBuildFile; fileRef = BB7E336E1CB68F43008F6130 /* Main.storyboard */; };
		BB7E33721CB68F43008F6130 /* Assets.xcassets in Resources */ = {isa = PBXBuildFile; fileRef = BB7E33711CB68F43008F6130 /* Assets.xcassets */; };
		BB7E33751CB68F43008F6130 /* LaunchScreen.storyboard in Resources */ = {isa = PBXBuildFile; fileRef = BB7E33731CB68F43008F6130 /* LaunchScreen.storyboard */; };
/* End PBXBuildFile section */

/* Begin PBXFileReference section */
		BB7E33631CB68F43008F6130 /* MyFirstApp.app */ = {isa = PBXFileReference; explicitFileType = wrapper.application; includeInIndex = 0; path = MyFirstApp.app; sourceTree = BUILT_PRODUCTS_DIR; };
		BB7E33661CB68F43008F6130 /* AppDelegate.swift */ = {isa = PBXFileReference; lastKnownFileType = sourcecode.swift; path = AppDelegate.swift; sourceTree = "<group>"; };
		BB7E33681CB68F43008F6130 /* RootViewController.swift */ = {isa = PBXFileReference; lastKnownFileType = sourcecode.swift; path = RootViewController.swift; sourceTree = "<group>"; };
		BB7E336A1CB68F43008F6130 /* DataViewController.swift */ = {isa = PBXFileReference; lastKnownFileType = sourcecode.swift; path = DataViewController.swift; sourceTree = "<group>"; };
		BB7E336C1CB68F43008F6130 /* ModelController.swift */ = {isa = PBXFileReference; lastKnownFileType = sourcecode.swift; path = ModelController.swift; sourceTree = "<group>"; };
		BB7E336F1CB68F43008F6130 /* Base */ = {isa = PBXFileReference; lastKnownFileType = file.storyboard; name = Base; path = Base.lproj/Main.storyboard; sourceTree = "<group>"; };
		BB7E33711CB68F43008F6130 /* Assets.xcassets */ = {isa = PBXFileReference; lastKnownFileType = folder.assetcatalog; path = Assets.xcassets; sourceTree = "<group>"; };
		BB7E33741CB68F43008F6130 /* Base */ = {isa = PBXFileReference; lastKnownFileType = file.storyboard; name = Base; path = Base.lproj/LaunchScreen.storyboard; sourceTree = "<group>"; };
		BB7E33761CB68F43008F6130 /* Info.plist */ = {isa = PBXFileReference; lastKnownFileType = text.plist.xml; path = Info.plist; sourceTree = "<group>"; };
/* End PBXFileReference section */

/* Begin PBXFrameworksBuildPhase section */
		BB7E33601CB68F43008F6130 /* Frameworks */ = {
			isa = PBXFrameworksBuildPhase;
			buildActionMask = 2147483647;
			files = (
			);
			runOnlyForDeploymentPostprocessing = 0;
		};
/* End PBXFrameworksBuildPhase section */

/* Begin PBXGroup section */
		BB7E335A1CB68F43008F6130 = {
			isa = PBXGroup;
			children = (
				BB7E33651CB68F43008F6130 /* MyFirstApp */,
				BB7E33641CB68F43008F6130 /* Products */,
			);
			sourceTree = "<group>";
		};
		BB7E33641CB68F43008F6130 /* Products */ = {
			isa = PBXGroup;
			children = (
				BB7E33631CB68F43008F6130 /* MyFirstApp.app */,
			);
			name = Products;
			sourceTree = "<group>";
		};
		BB7E33651CB68F43008F6130 /* MyFirstApp */ = {
			isa = PBXGroup;
			children = (
				BB7E33661CB68F43008F6130 /* AppDelegate.swift */,
				BB7E33681CB68F43008F6130 /* RootViewController.swift */,
				BB7E336A1CB68F43008F6130 /* DataViewController.swift */,
				BB7E336C1CB68F43008F6130 /* ModelController.swift */,
				BB7E336E1CB68F43008F6130 /* Main.storyboard */,
				BB7E33711CB68F43008F6130 /* Assets.xcassets */,
				BB7E33731CB68F43008F6130 /* LaunchScreen.storyboard */,
				BB7E33761CB68F43008F6130 /* Info.plist */,
			);
			path = MyFirstApp;
			sourceTree = "<group>";
		};
/* End PBXGroup section */

/* Begin PBXNativeTarget section */
		BB7E33621CB68F43008F6130 /* MyFirstApp */ = {
			isa = PBXNativeTarget;
			buildConfigurationList = BB7E33791CB68F43008F6130 /* Build configuration list for PBXNativeTarget "MyFirstApp" */;
			buildPhases = (
				BB7E335F1CB68F43008F6130 /* Sources */,
				BB7E33601CB68F43008F6130 /* Frameworks */,
				BB7E33611CB68F43008F6130 /* Resources */,
			);
			buildRules = (
			);
			dependencies = (
			);
			name = MyFirstApp;
			productName = MyFirstApp;
			productReference = BB7E33631CB68F43008F6130 /* MyFirstApp.app */;
			productType = "com.apple.product-type.application";
		};
/* End PBXNativeTarget section */

/* Begin PBXProject section */
		BB7E335B1CB68F43008F6130 /* Project object */ = {
			isa = PBXProject;
			attributes = {
				LastSwiftUpdateCheck = 0730;
				LastUpgradeCheck = 0730;
				ORGANIZATIONNAME = Nicole;
				TargetAttributes = {
					BB7E33621CB68F43008F6130 = {
						CreatedOnToolsVersion = 7.3;
						DevelopmentTeam = 94UPTMWU94;
					};
				};
			};
			buildConfigurationList = BB7E335E1CB68F43008F6130 /* Build configuration list for PBXProject "MyFirstApp" */;
			compatibilityVersion = "Xcode 3.2";
			developmentRegion = English;
			hasScannedForEncodings = 0;
			knownRegions = (
				en,
				Base,
			);
			mainGroup = BB7E335A1CB68F43008F6130;
			productRefGroup = BB7E33641CB68F43008F6130 /* Products */;
			projectDirPath = "";
			projectRoot = "";
			targets = (
				BB7E33621CB68F43008F6130 /* MyFirstApp */,
			);
		};
/* End PBXProject section */

/* Begin PBXResourcesBuildPhase section */
		BB7E33611CB68F43008F6130 /* Resources */ = {
			isa = PBXResourcesBuildPhase;
			buildActionMask = 2147483647;
			files = (
				BB7E33751CB68F43008F6130 /* LaunchScreen.storyboard in Resources */,
				BB7E33721CB68F43008F6130 /* Assets.xcassets in Resources */,
				BB7E33701CB68F43008F6130 /* Main.storyboard in Resources */,
			);
			runOnlyForDeploymentPostprocessing = 0;
		};
/* End PBXResourcesBuildPhase section */

/* Begin PBXSourcesBuildPhase section */
		BB7E335F1CB68F43008F6130 /* Sources */ = {
			isa = PBXSourcesBuildPhase;
			buildActionMask = 2147483647;
			files = (
				BB7E33691CB68F43008F6130 /* RootViewController.swift in Sources */,
				BB7E336D1CB68F43008F6130 /* ModelController.swift in Sources */,
				BB7E336B1CB68F43008F6130 /* DataViewController.swift in Sources */,
				BB7E33671CB68F43008F6130 /* AppDelegate.swift in Sources */,
			);
			runOnlyForDeploymentPostprocessing = 0;
		};
/* End PBXSourcesBuildPhase section */

/* Begin PBXVariantGroup section */
		BB7E336E1CB68F43008F6130 /* Main.storyboard */ = {
			isa = PBXVariantGroup;
			children = (
				BB7E336F1CB68F43008F6130 /* Base */,
			);
			name = Main.storyboard;
			sourceTree = "<group>";
		};
		BB7E33731CB68F43008F6130 /* LaunchScreen.storyboard */ = {
			isa = PBXVariantGroup;
			children = (
				BB7E33741CB68F43008F6130 /* Base */,
			);
			name = LaunchScreen.storyboard;
			sourceTree = "<group>";
		};
/* End PBXVariantGroup section */

/* Begin XCBuildConfiguration section */
		BB7E33771CB68F43008F6130 /* Debug */ = {
			isa = XCBuildConfiguration;
			buildSettings = {
				ALWAYS_SEARCH_USER_PATHS = NO;
				CLANG_ANALYZER_NONNULL = YES;
				CLANG_CXX_LANGUAGE_STANDARD = "gnu++0x";
				CLANG_CXX_LIBRARY = "libc++";
				CLANG_ENABLE_MODULES = YES;
				CLANG_ENABLE_OBJC_ARC = YES;
				CLANG_WARN_BOOL_CONVERSION = YES;
				CLANG_WARN_CONSTANT_CONVERSION = YES;
				CLANG_WARN_DIRECT_OBJC_ISA_USAGE = YES_ERROR;
				CLANG_WARN_EMPTY_BODY = YES;
				CLANG_WARN_ENUM_CONVERSION = YES;
				CLANG_WARN_INT_CONVERSION = YES;
				CLANG_WARN_OBJC_ROOT_CLASS = YES_ERROR;
				CLANG_WARN_UNREACHABLE_CODE = YES;
				CLANG_WARN__DUPLICATE_METHOD_MATCH = YES;
				"CODE_SIGN_IDENTITY[sdk=iphoneos*]" = "iPhone Developer";
				COPY_PHASE_STRIP = NO;
				DEBUG_INFORMATION_FORMAT = dwarf;
				ENABLE_STRICT_OBJC_MSGSEND = YES;
				ENABLE_TESTABILITY = YES;
				GCC_C_LANGUAGE_STANDARD = gnu99;
				GCC_DYNAMIC_NO_PIC = NO;
				GCC_NO_COMMON_BLOCKS = YES;
				GCC_OPTIMIZATION_LEVEL = 0;
				GCC_PREPROCESSOR_DEFINITIONS = (
					"DEBUG=1",
					"$(inherited)",
				);
				GCC_WARN_64_TO_32_BIT_CONVERSION = YES;
				GCC_WARN_ABOUT_RETURN_TYPE = YES_ERROR;
				GCC_WARN_UNDECLARED_SELECTOR = YES;
				GCC_WARN_UNINITIALIZED_AUTOS = YES_AGGRESSIVE;
				GCC_WARN_UNUSED_FUNCTION = YES;
				GCC_WARN_UNUSED_VARIABLE = YES;
				IPHONEOS_DEPLOYMENT_TARGET = 9.3;
				MTL_ENABLE_DEBUG_INFO = YES;
				ONLY_ACTIVE_ARCH = YES;
				SDKROOT = iphoneos;
				SWIFT_OPTIMIZATION_LEVEL = "-Onone";
				TARGETED_DEVICE_FAMILY = 2;
			};
			name = Debug;
		};
		BB7E33781CB68F43008F6130 /* Release */ = {
			isa = XCBuildConfiguration;
			buildSettings = {
				ALWAYS_SEARCH_USER_PATHS = NO;
				CLANG_ANALYZER_NONNULL = YES;
				CLANG_CXX_LANGUAGE_STANDARD = "gnu++0x";
				CLANG_CXX_LIBRARY = "libc++";
				CLANG_ENABLE_MODULES = YES;
				CLANG_ENABLE_OBJC_ARC = YES;
				CLANG_WARN_BOOL_CONVERSION = YES;
				CLANG_WARN_CONSTANT_CONVERSION = YES;
				CLANG_WARN_DIRECT_OBJC_ISA_USAGE = YES_ERROR;
				CLANG_WARN_EMPTY_BODY = YES;
				CLANG_WARN_ENUM_CONVERSION = YES;
				CLANG_WARN_INT_CONVERSION = YES;
				CLANG_WARN_OBJC_ROOT_CLASS = YES_ERROR;
				CLANG_WARN_UNREACHABLE_CODE = YES;
				CLANG_WARN__DUPLICATE_METHOD_MATCH = YES;
				"CODE_SIGN_IDENTITY[sdk=iphoneos*]" = "iPhone Developer";
				COPY_PHASE_STRIP = NO;
				DEBUG_INFORMATION_FORMAT = "dwarf-with-dsym";
				ENABLE_NS_ASSERTIONS = NO;
				ENABLE_STRICT_OBJC_MSGSEND = YES;
				GCC_C_LANGUAGE_STANDARD = gnu99;
				GCC_NO_COMMON_BLOCKS = YES;
				GCC_WARN_64_TO_32_BIT_CONVERSION = YES;
				GCC_WARN_ABOUT_RETURN_TYPE = YES_ERROR;
				GCC_WARN_UNDECLARED_SELECTOR = YES;
				GCC_WARN_UNINITIALIZED_AUTOS = YES_AGGRESSIVE;
				GCC_WARN_UNUSED_FUNCTION = YES;
				GCC_WARN_UNUSED_VARIABLE = YES;
				IPHONEOS_DEPLOYMENT_TARGET = 9.3;
				MTL_ENABLE_DEBUG_INFO = NO;
				SDKROOT = iphoneos;
				TARGETED_DEVICE_FAMILY = 2;
				VALIDATE_PRODUCT = YES;
			};
			name = Release;
		};
		BB7E337A1CB68F43008F6130 /* Debug */ = {
			isa = XCBuildConfiguration;
			buildSettings = {
				ASSETCATALOG_COMPILER_APPICON_NAME = AppIcon;
				CODE_SIGN_IDENTITY = "iPhone Developer";
				INFOPLIST_FILE = MyFirstApp/Info.plist;
				IPHONEOS_DEPLOYMENT_TARGET = 9.1;
				LD_RUNPATH_SEARCH_PATHS = "$(inherited) @executable_path/Frameworks";
				PRODUCT_BUNDLE_IDENTIFIER = com.nico.MyFirstApp;
				PRODUCT_NAME = "$(TARGET_NAME)";
			};
			name = Debug;
		};
		BB7E337B1CB68F43008F6130 /* Release */ = {
			isa = XCBuildConfiguration;
			buildSettings = {
				ASSETCATALOG_COMPILER_APPICON_NAME = AppIcon;
				CODE_SIGN_IDENTITY = "iPhone Developer";
				INFOPLIST_FILE = MyFirstApp/Info.plist;
				IPHONEOS_DEPLOYMENT_TARGET = 9.1;
				LD_RUNPATH_SEARCH_PATHS = "$(inherited) @executable_path/Frameworks";
				PRODUCT_BUNDLE_IDENTIFIER = com.nico.MyFirstApp;
				PRODUCT_NAME = "$(TARGET_NAME)";
			};
			name = Release;
		};
/* End XCBuildConfiguration section */

/* Begin XCConfigurationList section */
		BB7E335E1CB68F43008F6130 /* Build configuration list for PBXProject "MyFirstApp" */ = {
			isa = XCConfigurationList;
			buildConfigurations = (
				BB7E33771CB68F43008F6130 /* Debug */,
				BB7E33781CB68F43008F6130 /* Release */,
			);
			defaultConfigurationIsVisible = 0;
			defaultConfigurationName = Release;
		};
		BB7E33791CB68F43008F6130 /* Build configuration list for PBXNativeTarget "MyFirstApp" */ = {
			isa = XCConfigurationList;
			buildConfigurations = (
				BB7E337A1CB68F43008F6130 /* Debug */,
				BB7E337B1CB68F43008F6130 /* Release */,
			);
			defaultConfigurationIsVisible = 0;
			defaultConfigurationName = Release;
		};
/* End XCConfigurationList section */
	};
	rootObject = BB7E335B1CB68F43008F6130 /* Project object */;
}
